{
  "name": "rootstock-repo-tools",
  "version": "0.1.0-alpha.1",
  "lockfileVersion": 3,
  "requires": true,
  "packages": {
    "": {
      "name": "rootstock-repo-tools",
      "version": "0.1.0-alpha.1",
      "devDependencies": {
        "jscpd": "5.4.0"
      },
      "engines": {
        "node": ">=24.18"
      }
    },
    "node_modules/jscpd": {
      "version": "5.4.0",
      "resolved": "https://registry.npmjs.org/jscpd/-/jscpd-5.4.0.tgz",
      "integrity": "sha512-6mU8OHff4rPJ3D5lIsQns82/aQhDas22gMsGurHx1wcrfXWOZDNaobi6rKhLevo+77ntWKUXOwtM6lcrkJeL7w==",
      "dev": true,
      "license": "MIT",
      "bin": {
        "jscpd": "run-jscpd.js"
      },
      "engines": {
        "node": ">=18"
      },
      "funding": {
        "url": "https://opencollective.com/jscpd"
      },
      "optionalDependencies": {
        "jscpd-darwin-arm64": "5.4.0",
        "jscpd-darwin-x64": "5.4.0",
        "jscpd-linux-arm64-gnu": "5.4.0",
        "jscpd-linux-arm64-musl": "5.4.0",
        "jscpd-linux-x64-gnu": "5.4.0",
        "jscpd-linux-x64-musl": "5.4.0",
        "jscpd-windows-arm64-msvc": "5.4.0",
        "jscpd-windows-x64-msvc": "5.4.0"
      }
    },
    "node_modules/jscpd-darwin-arm64": {
      "version": "5.4.0",
      "resolved": "https://registry.npmjs.org/jscpd-darwin-arm64/-/jscpd-darwin-arm64-5.4.0.tgz",
      "integrity": "sha512-fNIDtNn9WE4YXoFoqf+3tkHb1+GaKKOeKzh77Wx61Gfa9iDxlCv5rO0Fjy7oWmGehUUKqslDaeXXtn/RoDprCg==",
      "cpu": [
        "arm64"
      ],
      "dev": true,
      "license": "MIT",
      "optional": true,
      "os": [
        "darwin"
      ]
    },
    "node_modules/jscpd-darwin-x64": {
      "version": "5.4.0",
      "resolved": "https://registry.npmjs.org/jscpd-darwin-x64/-/jscpd-darwin-x64-5.4.0.tgz",
      "integrity": "sha512-bxlnCVEb69SGIsas1+PaqZyFY8iYVTVjCBxfjVD74UafX115Ysw+oO9LAlsJaGsKUnK8Zsq5bhM33kBHux6bTA==",
      "cpu": [
        "x64"
      ],
      "dev": true,
      "license": "MIT",
      "optional": true,
      "os": [
        "darwin"
      ]
    },
    "node_modules/jscpd-linux-arm64-gnu": {
      "version": "5.4.0",
      "resolved": "https://registry.npmjs.org/jscpd-linux-arm64-gnu/-/jscpd-linux-arm64-gnu-5.4.0.tgz",
      "integrity": "sha512-c4hX5QjuRyzLFJ+A+jNGHRpGlDvxcx+zzs4RJmZHpl23istuTMIkelwTOWliF4gXOm0RWXDlX/ywWKr9+Lre7w==",
      "cpu": [
        "arm64"
      ],
      "dev": true,
      "libc": [
        "glibc"
      ],
      "license": "MIT",
      "optional": true,
      "os": [
        "linux"
      ]
    },
    "node_modules/jscpd-linux-arm64-musl": {
      "version": "5.4.0",
      "resolved": "https://registry.npmjs.org/jscpd-linux-arm64-musl/-/jscpd-linux-arm64-musl-5.4.0.tgz",
      "integrity": "sha512-p4FUCNyL8WPTlizdZqfjontFwJ/+jnERYM2+YX2miYvm0NxzsIi23MhfzPl/eUHxkiT5wethV0NRYEAkJr999Q==",
      "cpu": [
        "arm64"
      ],
      "dev": true,
      "libc": [
        "musl"
      ],
      "license": "MIT",
      "optional": true,
      "os": [
        "linux"
      ]
    },
    "node_modules/jscpd-linux-x64-gnu": {
      "version": "5.4.0",
      "resolved": "https://registry.npmjs.org/jscpd-linux-x64-gnu/-/jscpd-linux-x64-gnu-5.4.0.tgz",
      "integrity": "sha512-44NXS0gtYbjBCc53Gwilgj7PPwnWv9YTF/rGc0ZfnFcpzSoOKKU11yH+qHfCVie1hHte1wHyZ1f9Kjc8nGe2/g==",
      "cpu": [
        "x64"
      ],
      "dev": true,
      "libc": [
        "glibc"
      ],
      "license": "MIT",
      "optional": true,
      "os": [
        "linux"
      ]
    },
    "node_modules/jscpd-linux-x64-musl": {
      "version": "5.4.0",
      "resolved": "https://registry.npmjs.org/jscpd-linux-x64-musl/-/jscpd-linux-x64-musl-5.4.0.tgz",
      "integrity": "sha512-m9XHj14Zwia9RjWDkHDrl6VJ3W/b7m8qjFqjhcJ668Vkxoj4Ri/qeo0bo6is+fSw+bYxYexV6xxqIKRDolc8Lg==",
      "cpu": [
        "x64"
      ],
      "dev": true,
      "libc": [
        "musl"
      ],
      "license": "MIT",
      "optional": true,
      "os": [
        "linux"
      ]
    },
    "node_modules/jscpd-windows-arm64-msvc": {
      "version": "5.4.0",
      "resolved": "https://registry.npmjs.org/jscpd-windows-arm64-msvc/-/jscpd-windows-arm64-msvc-5.4.0.tgz",
      "integrity": "sha512-AoP5RXyb9gIf8xmFwAc+Rgh4XJNyX1upcD+R1A6u4XjsDo2/oF+KKB4dtKnG2DbFQ+0fyFg/ClOcw+asQZJfPg==",
      "cpu": [
        "arm64"
      ],
      "dev": true,
      "license": "MIT",
      "optional": true,
      "os": [
        "win32"
      ]
    },
    "node_modules/jscpd-windows-x64-msvc": {
      "version": "5.4.0",
      "resolved": "https://registry.npmjs.org/jscpd-windows-x64-msvc/-/jscpd-windows-x64-msvc-5.4.0.tgz",
      "integrity": "sha512-dYkb5mAo5i7fjrtf2Ft6z9a/I38RJMd4JirEgJiW2BIv5pAGmfMVPDy1xEXL3hJqraXzeMIfnzqJFanefCyC6g==",
      "cpu": [
        "x64"
      ],
      "dev": true,
      "license": "MIT",
      "optional": true,
      "os": [
        "win32"
      ]
    }
  }
}
